
Microsoft Visual Studio Solution File, Format Version 12.00
# Visual Studio Version 16
VisualStudioVersion = 16.0.31605.320
MinimumVisualStudioVersion = 10.0.40219.1
Project("{FAE04EC0-301F-11D3-BF4B-00C04F79EFBC}") = "PaymentAPI", "PaymentAPI.csproj", "{5CE51E8F-441D-4A47-8942-55F7A70306B3}"
EndProject
Global
	GlobalSection(SolutionConfigurationPlatforms) = preSolution
		Debug|Any CPU = Debug|Any CPU
		Release|Any CPU = Release|Any CPU
	EndGlobalSection
	GlobalSection(ProjectConfigurationPlatforms) = postSolution
		{5CE51E8F-441D-4A47-8942-55F7A70306B3}.Debug|Any CPU.ActiveCfg = Debug|Any CPU
		{5CE51E8F-441D-4A47-8942-55F7A70306B3}.Debug|Any CPU.Build.0 = Debug|Any CPU
		{5CE51E8F-441D-4A47-8942-55F7A70306B3}.Release|Any CPU.ActiveCfg = Release|Any CPU
		{5CE51E8F-441D-4A47-8942-55F7A70306B3}.Release|Any CPU.Build.0 = Release|Any CPU
	EndGlobalSection
	GlobalSection(SolutionProperties) = preSolution
		HideSolutionNode = FALSE
	EndGlobalSection
	GlobalSection(ExtensibilityGlobals) = postSolution
		SolutionGuid = {1A4ED9E4-04AE-4020-8E44-2BEDC36B8066}
	EndGlobalSection
EndGlobal
